
Microsoft Visual Studio Solution File, Format Version 12.00
# Visual Studio Version 17
VisualStudioVersion = 17.5.002.0
MinimumVisualStudioVersion = 10.0.40219.1
Project("{9A19103F-16F7-4668-BE54-9A1E7A4F7556}") = "SqLiteAppNetCoreV2", "SqLiteAppNetCoreV2.csproj", "{84941394-1478-4DA8-BFCA-319D1A675CBB}"
EndProject
Global
	GlobalSection(SolutionConfigurationPlatforms) = preSolution
		Debug|Any CPU = Debug|Any CPU
		Release|Any CPU = Release|Any CPU
	EndGlobalSection
	GlobalSection(ProjectConfigurationPlatforms) = postSolution
		{84941394-1478-4DA8-BFCA-319D1A675CBB}.Debug|Any CPU.ActiveCfg = Debug|Any CPU
		{84941394-1478-4DA8-BFCA-319D1A675CBB}.Debug|Any CPU.Build.0 = Debug|Any CPU
		{84941394-1478-4DA8-BFCA-319D1A675CBB}.Release|Any CPU.ActiveCfg = Release|Any CPU
		{84941394-1478-4DA8-BFCA-319D1A675CBB}.Release|Any CPU.Build.0 = Release|Any CPU
	EndGlobalSection
	GlobalSection(SolutionProperties) = preSolution
		HideSolutionNode = FALSE
	EndGlobalSection
	GlobalSection(ExtensibilityGlobals) = postSolution
		SolutionGuid = {25C2BF09-3B5A-4BAA-B400-28FC798C7245}
	EndGlobalSection
EndGlobal
